# This file is automatically @generated by Cargo.
# It is not intended for manual editing.
[[package]]
name = "cd_subcode"
version = "0.1.0"
dependencies = [
 "crc16 0.4.0 (registry+https://github.com/rust-lang/crates.io-index)",
]

[[package]]
name = "crc16"
version = "0.4.0"
source = "registry+https://github.com/rust-lang/crates.io-index"

[metadata]
"checksum crc16 0.4.0 (registry+https://github.com/rust-lang/crates.io-index)" = "338089f42c427b86394a5ee60ff321da23a5c89c9d89514c829687b26359fcff"
